
Microsoft Visual Studio Solution File, Format Version 12.00
# Visual Studio 15
VisualStudioVersion = 15.0.27004.2009
MinimumVisualStudioVersion = 10.0.40219.1
Project("{FAE04EC0-301F-11D3-BF4B-00C04F79EFBC}") = "EventsAndDeligates", "EventsAndDeligates\EventsAndDeligates.csproj", "{0A410341-0DB5-4DBE-B450-50095BBEB44C}"
EndProject
Global
	GlobalSection(SolutionConfigurationPlatforms) = preSolution
		Debug|Any CPU = Debug|Any CPU
		Release|Any CPU = Release|Any CPU
	EndGlobalSection
	GlobalSection(ProjectConfigurationPlatforms) = postSolution
		{0A410341-0DB5-4DBE-B450-50095BBEB44C}.Debug|Any CPU.ActiveCfg = Debug|Any CPU
		{0A410341-0DB5-4DBE-B450-50095BBEB44C}.Debug|Any CPU.Build.0 = Debug|Any CPU
		{0A410341-0DB5-4DBE-B450-50095BBEB44C}.Release|Any CPU.ActiveCfg = Release|Any CPU
		{0A410341-0DB5-4DBE-B450-50095BBEB44C}.Release|Any CPU.Build.0 = Release|Any CPU
	EndGlobalSection
	GlobalSection(SolutionProperties) = preSolution
		HideSolutionNode = FALSE
	EndGlobalSection
	GlobalSection(ExtensibilityGlobals) = postSolution
		SolutionGuid = {5E116643-8474-4B44-A994-95815F0A26A7}
	EndGlobalSection
EndGlobal
